
Microsoft Visual Studio Solution File, Format Version 12.00
# Visual Studio 15
VisualStudioVersion = 15.0.27703.2042
MinimumVisualStudioVersion = 10.0.40219.1
Project("{8BC9CEB8-8B4A-11D0-8D11-00A0C91BC942}") = "Switcharoo", "Switcharoo\Switcharoo.vcxproj", "{581FD09C-32E7-4850-AC29-CCAE2ED486B3}"
EndProject
Global
	GlobalSection(SolutionConfigurationPlatforms) = preSolution
		Debug|x64 = Debug|x64
		Debug|x86 = Debug|x86
		Release|x64 = Release|x64
		Release|x86 = Release|x86
	EndGlobalSection
	GlobalSection(ProjectConfigurationPlatforms) = postSolution
		{581FD09C-32E7-4850-AC29-CCAE2ED486B3}.Debug|x64.ActiveCfg = Debug|x64
		{581FD09C-32E7-4850-AC29-CCAE2ED486B3}.Debug|x64.Build.0 = Debug|x64
		{581FD09C-32E7-4850-AC29-CCAE2ED486B3}.Debug|x86.ActiveCfg = Debug|Win32
		{581FD09C-32E7-4850-AC29-CCAE2ED486B3}.Debug|x86.Build.0 = Debug|Win32
		{581FD09C-32E7-4850-AC29-CCAE2ED486B3}.Release|x64.ActiveCfg = Release|x64
		{581FD09C-32E7-4850-AC29-CCAE2ED486B3}.Release|x64.Build.0 = Release|x64
		{581FD09C-32E7-4850-AC29-CCAE2ED486B3}.Release|x86.ActiveCfg = Release|Win32
		{581FD09C-32E7-4850-AC29-CCAE2ED486B3}.Release|x86.Build.0 = Release|Win32
	EndGlobalSection
	GlobalSection(SolutionProperties) = preSolution
		HideSolutionNode = FALSE
	EndGlobalSection
	GlobalSection(ExtensibilityGlobals) = postSolution
		SolutionGuid = {2D6B582B-B5E7-42FF-9736-E405CA6CE064}
	EndGlobalSection
EndGlobal
